
Microsoft Visual Studio Solution File, Format Version 12.00
# Visual Studio 15
VisualStudioVersion = 15.0.28307.136
MinimumVisualStudioVersion = 10.0.40219.1
Project("{FAE04EC0-301F-11D3-BF4B-00C04F79EFBC}") = "ZoologicoSite", "ZoologicoSite\ZoologicoSite.csproj", "{4657C03F-CA54-4A56-A1B5-F7696A28187E}"
EndProject
Global
	GlobalSection(SolutionConfigurationPlatforms) = preSolution
		Debug|Any CPU = Debug|Any CPU
		Release|Any CPU = Release|Any CPU
	EndGlobalSection
	GlobalSection(ProjectConfigurationPlatforms) = postSolution
		{4657C03F-CA54-4A56-A1B5-F7696A28187E}.Debug|Any CPU.ActiveCfg = Debug|Any CPU
		{4657C03F-CA54-4A56-A1B5-F7696A28187E}.Debug|Any CPU.Build.0 = Debug|Any CPU
		{4657C03F-CA54-4A56-A1B5-F7696A28187E}.Release|Any CPU.ActiveCfg = Release|Any CPU
		{4657C03F-CA54-4A56-A1B5-F7696A28187E}.Release|Any CPU.Build.0 = Release|Any CPU
	EndGlobalSection
	GlobalSection(SolutionProperties) = preSolution
		HideSolutionNode = FALSE
	EndGlobalSection
	GlobalSection(ExtensibilityGlobals) = postSolution
		SolutionGuid = {CDDD762B-0B97-47B5-98D9-073D94C2437C}
	EndGlobalSection
EndGlobal
